
Microsoft Visual Studio Solution File, Format Version 12.00
# Visual Studio Version 17
VisualStudioVersion = 17.10.34928.147
MinimumVisualStudioVersion = 10.0.40219.1
Project("{FAE04EC0-301F-11D3-BF4B-00C04F79EFBC}") = "Project 001", "Project 001\Project 001.csproj", "{FF0CAAF9-BC13-4680-A36D-0D72CC1C73DB}"
EndProject
Global
	GlobalSection(SolutionConfigurationPlatforms) = preSolution
		Debug|Any CPU = Debug|Any CPU
		Release|Any CPU = Release|Any CPU
	EndGlobalSection
	GlobalSection(ProjectConfigurationPlatforms) = postSolution
		{FF0CAAF9-BC13-4680-A36D-0D72CC1C73DB}.Debug|Any CPU.ActiveCfg = Debug|Any CPU
		{FF0CAAF9-BC13-4680-A36D-0D72CC1C73DB}.Debug|Any CPU.Build.0 = Debug|Any CPU
		{FF0CAAF9-BC13-4680-A36D-0D72CC1C73DB}.Release|Any CPU.ActiveCfg = Release|Any CPU
		{FF0CAAF9-BC13-4680-A36D-0D72CC1C73DB}.Release|Any CPU.Build.0 = Release|Any CPU
	EndGlobalSection
	GlobalSection(SolutionProperties) = preSolution
		HideSolutionNode = FALSE
	EndGlobalSection
	GlobalSection(ExtensibilityGlobals) = postSolution
		SolutionGuid = {B2E47C9A-FA24-4621-88F5-4BC9A29D251B}
	EndGlobalSection
EndGlobal
